
Microsoft Visual Studio Solution File, Format Version 12.00
# Visual Studio Version 17
VisualStudioVersion = 17.6.33829.357
MinimumVisualStudioVersion = 10.0.40219.1
Project("{9A19103F-16F7-4668-BE54-9A1E7A4F7556}") = "ST_MVC_Day2", "ST_MVC_Day2\ST_MVC_Day2.csproj", "{B828FEDC-EEE2-4AC2-B1AC-7F40068C0478}"
EndProject
Project("{9A19103F-16F7-4668-BE54-9A1E7A4F7556}") = "WebApp_Day2", "E:\WebApp_Day2-master\WebApp_Day2\WebApp_Day2.csproj", "{8050B9D8-83E8-4813-8601-F7EE2D9745EE}"
EndProject
Project("{9A19103F-16F7-4668-BE54-9A1E7A4F7556}") = "MVC_FProject", "..\MVC_FProject\MVC_FProject.csproj", "{A90FE831-A642-4DA0-B67B-B51BB204E151}"
EndProject
Global
	GlobalSection(SolutionConfigurationPlatforms) = preSolution
		Debug|Any CPU = Debug|Any CPU
		Release|Any CPU = Release|Any CPU
	EndGlobalSection
	GlobalSection(ProjectConfigurationPlatforms) = postSolution
		{B828FEDC-EEE2-4AC2-B1AC-7F40068C0478}.Debug|Any CPU.ActiveCfg = Debug|Any CPU
		{B828FEDC-EEE2-4AC2-B1AC-7F40068C0478}.Debug|Any CPU.Build.0 = Debug|Any CPU
		{B828FEDC-EEE2-4AC2-B1AC-7F40068C0478}.Release|Any CPU.ActiveCfg = Release|Any CPU
		{B828FEDC-EEE2-4AC2-B1AC-7F40068C0478}.Release|Any CPU.Build.0 = Release|Any CPU
		{8050B9D8-83E8-4813-8601-F7EE2D9745EE}.Debug|Any CPU.ActiveCfg = Debug|Any CPU
		{8050B9D8-83E8-4813-8601-F7EE2D9745EE}.Debug|Any CPU.Build.0 = Debug|Any CPU
		{8050B9D8-83E8-4813-8601-F7EE2D9745EE}.Release|Any CPU.ActiveCfg = Release|Any CPU
		{8050B9D8-83E8-4813-8601-F7EE2D9745EE}.Release|Any CPU.Build.0 = Release|Any CPU
		{A90FE831-A642-4DA0-B67B-B51BB204E151}.Debug|Any CPU.ActiveCfg = Debug|Any CPU
		{A90FE831-A642-4DA0-B67B-B51BB204E151}.Debug|Any CPU.Build.0 = Debug|Any CPU
		{A90FE831-A642-4DA0-B67B-B51BB204E151}.Release|Any CPU.ActiveCfg = Release|Any CPU
		{A90FE831-A642-4DA0-B67B-B51BB204E151}.Release|Any CPU.Build.0 = Release|Any CPU
	EndGlobalSection
	GlobalSection(SolutionProperties) = preSolution
		HideSolutionNode = FALSE
	EndGlobalSection
	GlobalSection(ExtensibilityGlobals) = postSolution
		SolutionGuid = {4ADB2497-5268-44DC-B156-C94E1D5FDEA3}
	EndGlobalSection
EndGlobal
